
Microsoft Visual Studio Solution File, Format Version 12.00
# Visual Studio Version 17
VisualStudioVersion = 17.13.35806.99 d17.13
MinimumVisualStudioVersion = 10.0.40219.1
Project("{FAE04EC0-301F-11D3-BF4B-00C04F79EFBC}") = "StudentManagementGO", "StudentManagementGO\StudentManagementGO.csproj", "{CCCA2001-56F8-4EED-9A9B-B61568868D02}"
EndProject
Global
	GlobalSection(SolutionConfigurationPlatforms) = preSolution
		Debug|Any CPU = Debug|Any CPU
		Release|Any CPU = Release|Any CPU
	EndGlobalSection
	GlobalSection(ProjectConfigurationPlatforms) = postSolution
		{CCCA2001-56F8-4EED-9A9B-B61568868D02}.Debug|Any CPU.ActiveCfg = Debug|Any CPU
		{CCCA2001-56F8-4EED-9A9B-B61568868D02}.Debug|Any CPU.Build.0 = Debug|Any CPU
		{CCCA2001-56F8-4EED-9A9B-B61568868D02}.Release|Any CPU.ActiveCfg = Release|Any CPU
		{CCCA2001-56F8-4EED-9A9B-B61568868D02}.Release|Any CPU.Build.0 = Release|Any CPU
	EndGlobalSection
	GlobalSection(SolutionProperties) = preSolution
		HideSolutionNode = FALSE
	EndGlobalSection
	GlobalSection(ExtensibilityGlobals) = postSolution
		SolutionGuid = {CFCDA88D-98B9-4A85-B5D6-A88028248B09}
	EndGlobalSection
EndGlobal
